{
    "_meta": {
        "hash": {
            "sha256": "8a5da47fff7c182a3bb056c729dc7b81e1106e9b16c2d0bde84a9227293e00ba"
        },
        "pipfile-spec": 6,
        "requires": {
            "python_version": "3.8"
        },
        "sources": [
            {
                "name": "pypi",
                "url": "https://pypi.org/simple",
                "verify_ssl": true
            }
        ]
    },
    "default": {
        "antlr4-python3-runtime": {
            "hashes": [
                "sha256:31f5abdc7faf16a1a6e9bf2eb31565d004359b821b09944436a34361929ae85a"
            ],
            "version": "==4.9.2"
        },
        "certifi": {
            "hashes": [
                "sha256:2bbf76fd432960138b3ef6dda3dde0544f27cbf8546c458e60baf371917ba9ee",
                "sha256:50b1e4f8446b06f41be7dd6338db18e0990601dce795c2b1686458aa7e8fa7d8"
            ],
            "version": "==2021.5.30"
        },
        "cfgraph": {
            "hashes": [
                "sha256:b57fe7044a10b8ff65aa3a8a8ddc7d4cd77bf511b42e57289cd52cbc29f8fe74"
            ],
            "version": "==0.2.1"
        },
        "chardet": {
            "hashes": [
                "sha256:0d6f53a15db4120f2b08c94f11e7d93d2c911ee118b6b30a04ec3ee8310179fa",
                "sha256:f864054d66fd9118f2e67044ac8981a54775ec5b67aed0441892edb553d21da5"
            ],
            "version": "==4.0.0"
        },
        "hbreader": {
            "hashes": [
                "sha256:9a6e76c9d1afc1b977374a5dc430a1ebb0ea0488205546d4678d6e31cc5f6801",
                "sha256:d2c132f8ba6276d794c66224c3297cec25c8079d0a4cf019c061611e0a3b94fa"
            ],
            "version": "==0.9.1"
        },
        "idna": {
            "hashes": [
                "sha256:b307872f855b18632ce0c21c5e45be78c0ea7ae4c15c828c20788b26921eb3f6",
                "sha256:b97d804b1e9b523befed77c48dacec60e6dcb0b5391d57af6a65a312a90648c0"
            ],
            "version": "==2.10"
        },
        "isodate": {
            "hashes": [
                "sha256:2e364a3d5759479cdb2d37cce6b9376ea504db2ff90252a2e5b7cc89cc9ff2d8",
                "sha256:aa4d33c06640f5352aca96e4b81afd8ab3b47337cc12089822d6f322ac772c81"
            ],
            "version": "==0.6.0"
        },
        "jsonasobj": {
            "hashes": [
                "sha256:221af946bbe4171505e81ea1f0c31d652e69c68e02fff742e37543abe08ff7d9",
                "sha256:e87c47ec5ec3db65a212e15236fdefc38dd01bdcf563b0d53021095066cd5963"
            ],
            "version": "==2.0.1"
        },
        "pbr": {
            "hashes": [
                "sha256:42df03e7797b796625b1029c0400279c7c34fd7df24a7d7818a1abb5b38710dd",
                "sha256:c68c661ac5cc81058ac94247278eeda6d2e6aecb3e227b0387c30d277e7ef8d4"
            ],
            "version": "==5.6.0"
        },
        "pyjsg": {
            "hashes": [
                "sha256:08d9a80f6996af8862e8a2a4e2d90049af695c4ccd84187e7d7a48f600d37952",
                "sha256:3c98d3153a2e4ca8ae8942a4bb213477c68519b145ca2d973648bcb9495208e7"
            ],
            "version": "==0.11.6"
        },
        "pyparsing": {
            "hashes": [
                "sha256:c203ec8783bf771a155b207279b9bccb8dea02d8f0c9e5f8ead507bc3246ecc1",
                "sha256:ef9d7589ef3c200abe66653d3f1ab1033c3c419ae9b9bdb1240a85b024efc88b"
            ],
            "version": "==2.4.7"
        },
        "pyshex": {
            "hashes": [
                "sha256:0cc29c5cf02ac6779585f85e047baa167cdfc1db83f01e50126ec808f015a62f",
                "sha256:9a899809bb9e6106f6820625b18c3e7b9af16ce7dc25e218c9f542031731c6bb"
            ],
            "index": "pypi",
            "version": "==0.7.14"
        },
        "pyshexc": {
            "hashes": [
                "sha256:6f75e26dfda605c994031a72ca74b2b0079e1f7b12ab713e030078d8fa05dc3a",
                "sha256:ad83bb2a645f64becbf946d4bd170e35fd9b903616c7ee25d5a4ed188cf2d1dd"
            ],
            "version": "==0.8.3"
        },
        "rdflib": {
            "hashes": [
                "sha256:78149dd49d385efec3b3adfbd61c87afaf1281c30d3fcaf1b323b34f603fb155",
                "sha256:88208ea971a87886d60ae2b1a4b2cdc263527af0454c422118d43fe64b357877"
            ],
            "version": "==5.0.0"
        },
        "rdflib-jsonld": {
            "hashes": [
                "sha256:4f7d55326405071c7bce9acf5484643bcb984eadb84a6503053367da207105ed"
            ],
            "version": "==0.5.0"
        },
        "requests": {
            "hashes": [
                "sha256:27973dd4a904a4f13b263a19c866c13b92a39ed1c964655f025f3f8d3d75b804",
                "sha256:c210084e36a42ae6b9219e00e48287def368a26d03a048ddad7bfee44f75871e"
            ],
            "version": "==2.25.1"
        },
        "shexjsg": {
            "hashes": [
                "sha256:788991c4df2ca9b24258fb68c94107c3e140c70bbe398fb15f00338d2a9155e5",
                "sha256:89fb39a4448f50fd4988108a0a2c7096aa51dd15cd89fef0bc3ad96e04929929"
            ],
            "version": "==0.7.1"
        },
        "six": {
            "hashes": [
                "sha256:1e61c37477a1626458e36f7b1d82aa5c9b094fa4802892072e49de9c60c4c926",
                "sha256:8abb2f1d86890a2dfb989f9a77cfcfd3e47c2a354b01111771326f8aa26e0254"
            ],
            "version": "==1.16.0"
        },
        "sparql-slurper": {
            "hashes": [
                "sha256:3446e0a45e7043188501754ac61c229b507aacce9d50614ef6ad787b26a332d5",
                "sha256:4f5e28fc75f4f98b0eeca8d0d3ad45a5d3e844ae1203ed7997b127e997e700e3"
            ],
            "index": "pypi",
            "version": "==0.3.4"
        },
        "sparqlwrapper": {
            "hashes": [
                "sha256:357ee8a27bc910ea13d77836dbddd0b914991495b8cc1bf70676578155e962a8",
                "sha256:c7f9c9d8ebb13428771bc3b6dee54197422507dcc3dea34e30d5dcfc53478dec",
                "sha256:d6a66b5b8cda141660e07aeb00472db077a98d22cb588c973209c7336850fb3c"
            ],
            "version": "==1.8.5"
        },
        "urllib3": {
            "hashes": [
                "sha256:753a0374df26658f99d826cfe40394a686d05985786d946fbe4165b5148f5a7c",
                "sha256:a7acd0977125325f516bda9735fa7142b909a8d01e8b2e4c8108d0984e6e0098"
            ],
            "index": "pypi",
            "version": "==1.26.5"
        }
    },
    "develop": {}
}
